
Microsoft Visual Studio Solution File, Format Version 12.00
# Visual Studio Version 16
VisualStudioVersion = 16.0.31911.196
MinimumVisualStudioVersion = 10.0.40219.1
Project("{FAE04EC0-301F-11D3-BF4B-00C04F79EFBC}") = "Task1", "Task1\Task1.csproj", "{52944FFC-8E14-42CE-9AA6-83A1AA704766}"
EndProject
Global
	GlobalSection(SolutionConfigurationPlatforms) = preSolution
		Debug|Any CPU = Debug|Any CPU
		Release|Any CPU = Release|Any CPU
	EndGlobalSection
	GlobalSection(ProjectConfigurationPlatforms) = postSolution
		{52944FFC-8E14-42CE-9AA6-83A1AA704766}.Debug|Any CPU.ActiveCfg = Debug|Any CPU
		{52944FFC-8E14-42CE-9AA6-83A1AA704766}.Debug|Any CPU.Build.0 = Debug|Any CPU
		{52944FFC-8E14-42CE-9AA6-83A1AA704766}.Release|Any CPU.ActiveCfg = Release|Any CPU
		{52944FFC-8E14-42CE-9AA6-83A1AA704766}.Release|Any CPU.Build.0 = Release|Any CPU
	EndGlobalSection
	GlobalSection(SolutionProperties) = preSolution
		HideSolutionNode = FALSE
	EndGlobalSection
	GlobalSection(ExtensibilityGlobals) = postSolution
		SolutionGuid = {22F9243E-FFD9-4D6B-893D-ED1263FBE859}
	EndGlobalSection
EndGlobal
